<?xml version="1.0" encoding="utf-8"?>
<Project ToolsVersion="4.0" xmlns="http://schemas.microsoft.com/developer/msbuild/2003">
  <ItemGroup>
    <Filter Include="Source Files">
      <UniqueIdentifier>{4FC737F1-C7A5-4376-A066-2A32D752A2FF}</UniqueIdentifier>
      <Extensions>cpp;c;cc;cxx;c++;cppm;ixx;def;odl;idl;hpj;bat;asm;asmx</Extensions>
    </Filter>
    <Filter Include="Header Files">
      <UniqueIdentifier>{93995380-89BD-4b04-88EB-625FBE52EBFB}</UniqueIdentifier>
      <Extensions>h;hh;hpp;hxx;h++;hm;inl;inc;ipp;xsd</Extensions>
    </Filter>
    <Filter Include="Resource Files">
      <UniqueIdentifier>{67DA6AB6-F800-4c08-8B7A-83BB121AAD01}</UniqueIdentifier>
      <Extensions>rc;ico;cur;bmp;dlg;rc2;rct;bin;rgs;gif;jpg;jpeg;jpe;resx;tiff;tif;png;wav;mfcribbon-ms</Extensions>
    </Filter>
    <Filter Include="Includes">
      <UniqueIdentifier>{af2dc494-f394-4b84-ab9b-7375289b3f9f}</UniqueIdentifier>
    </Filter>
  </ItemGroup>
  <ItemGroup>
    <ClCompile Include="DR2Fix\DllMain.cpp">
      <Filter>Source Files</Filter>
    </ClCompile>
    <ClCompile Include="DR2Fix\Patches.cpp">
      <Filter>Source Files</Filter>
    </ClCompile>
    <ClCompile Include="DR2Fix\Timing.cpp">
      <Filter>Source Files</Filter>
    </ClCompile>
    <ClCompile Include="DR2Fix\Ultrawide.cpp">
      <Filter>Source Files</Filter>
    </ClCompile>
    <ClCompile Include="DR2Fix\Font.cpp">
      <Filter>Source Files</Filter>
    </ClCompile>
    <ClCompile Include="DR2Fix\GPU.cpp">
      <Filter>Source Files</Filter>
    </ClCompile>
    <ClCompile Include="DR2Fix\Shader.cpp">
      <Filter>Source Files</Filter>
    </ClCompile>
    <ClCompile Include="DR2Fix\General.cpp">
      <Filter>Source Files</Filter>
    </ClCompile>
    <ClCompile Include="Includes\Hooking.Patterns\Hooking.Patterns.cpp">
      <Filter>Includes</Filter>
    </ClCompile>
    <ClCompile Include="Includes\safetyhook\safetyhook.cpp">
      <Filter>Includes</Filter>
    </ClCompile>
    <ClCompile Include="Includes\safetyhook\Zydis.c">
      <Filter>Includes</Filter>
    </ClCompile>
  </ItemGroup>
  <ItemGroup>
    <ClInclude Include="DR2Fix\stdafx.h">
      <Filter>Header Files</Filter>
    </ClInclude>
    <ClInclude Include="DR2Fix\Patches.h">
      <Filter>Header Files</Filter>
    </ClInclude>
    <ClInclude Include="DR2Fix\Font.h">
      <Filter>Header Files</Filter>
    </ClInclude>
    <ClInclude Include="DR2Fix\GPU.h">
      <Filter>Header Files</Filter>
    </ClInclude>
    <ClInclude Include="DR2Fix\Shader.h">
      <Filter>Header Files</Filter>
    </ClInclude>
    <ClInclude Include="DR2Fix\Timing.h">
      <Filter>Header Files</Filter>
    </ClInclude>
    <ClInclude Include="DR2Fix\Ultrawide.h">
      <Filter>Header Files</Filter>
    </ClInclude>
    <ClInclude Include="DR2Fix\General.h">
      <Filter>Header Files</Filter>
    </ClInclude>
    <ClInclude Include="DR2Fix\Utils.h">
      <Filter>Header Files</Filter>
    </ClInclude>
    <ClInclude Include="Includes\Hooking.Patterns\Hooking.Patterns.h">
      <Filter>Includes</Filter>
    </ClInclude>
    <ClInclude Include="Includes\MemoryMgr\MemoryMgr.h">
      <Filter>Includes</Filter>
    </ClInclude>
    <ClInclude Include="Includes\safetyhook\safetyhook.hpp">
      <Filter>Includes</Filter>
    </ClInclude>
    <ClInclude Include="Includes\safetyhook\Zydis.h">
      <Filter>Includes</Filter>
    </ClInclude>
  </ItemGroup>
</Project>